
Microsoft Visual Studio Solution File, Format Version 12.00
# Visual Studio Version 16
VisualStudioVersion = 16.0.31624.102
MinimumVisualStudioVersion = 10.0.40219.1
Project("{FAE04EC0-301F-11D3-BF4B-00C04F79EFBC}") = "WebsiteDienNghien", "WebsiteDienNghien\WebsiteDienNghien.csproj", "{908D6B3B-4262-4276-8628-EDB98B56CBBF}"
EndProject
Global
	GlobalSection(SolutionConfigurationPlatforms) = preSolution
		Debug|Any CPU = Debug|Any CPU
		Release|Any CPU = Release|Any CPU
	EndGlobalSection
	GlobalSection(ProjectConfigurationPlatforms) = postSolution
		{908D6B3B-4262-4276-8628-EDB98B56CBBF}.Debug|Any CPU.ActiveCfg = Debug|Any CPU
		{908D6B3B-4262-4276-8628-EDB98B56CBBF}.Debug|Any CPU.Build.0 = Debug|Any CPU
		{908D6B3B-4262-4276-8628-EDB98B56CBBF}.Release|Any CPU.ActiveCfg = Release|Any CPU
		{908D6B3B-4262-4276-8628-EDB98B56CBBF}.Release|Any CPU.Build.0 = Release|Any CPU
	EndGlobalSection
	GlobalSection(SolutionProperties) = preSolution
		HideSolutionNode = FALSE
	EndGlobalSection
	GlobalSection(ExtensibilityGlobals) = postSolution
		SolutionGuid = {64865D9F-37B1-430C-9B38-5D4D5B21CC9E}
	EndGlobalSection
EndGlobal
